// !$*UTF8*$!
{
	archiveVersion = 1;
	classes = {
	};
	objectVersion = 50;
	objects = {

/* Begin PBXBuildFile section */
		8210ED6323F73B2C009464FA /* Coaching.swift in Sources */ = {isa = PBXBuildFile; fileRef = 8210ED6223F73B2C009464FA /* Coaching.swift */; };
		82657D4A23F731CE00516613 /* AppDelegate.swift in Sources */ = {isa = PBXBuildFile; fileRef = 82657D4923F731CE00516613 /* AppDelegate.swift */; };
		82657D4C23F731CE00516613 /* art.scnassets in Resources */ = {isa = PBXBuildFile; fileRef = 82657D4B23F731CE00516613 /* art.scnassets */; };
		82657D4E23F731CE00516613 /* ViewController.swift in Sources */ = {isa = PBXBuildFile; fileRef = 82657D4D23F731CE00516613 /* ViewController.swift */; };
		82657D5123F731CE00516613 /* Main.storyboard in Resources */ = {isa = PBXBuildFile; fileRef = 82657D4F23F731CE00516613 /* Main.storyboard */; };
		82657D5323F731D300516613 /* Assets.xcassets in Resources */ = {isa = PBXBuildFile; fileRef = 82657D5223F731D300516613 /* Assets.xcassets */; };
		82657D5623F731D300516613 /* LaunchScreen.storyboard in Resources */ = {isa = PBXBuildFile; fileRef = 82657D5423F731D300516613 /* LaunchScreen.storyboard */; };
/* End PBXBuildFile section */

/* Begin PBXFileReference section */
		8210ED6223F73B2C009464FA /* Coaching.swift */ = {isa = PBXFileReference; lastKnownFileType = sourcecode.swift; path = Coaching.swift; sourceTree = "<group>"; };
		82657D4623F731CE00516613 /* coaching.app */ = {isa = PBXFileReference; explicitFileType = wrapper.application; includeInIndex = 0; path = coaching.app; sourceTree = BUILT_PRODUCTS_DIR; };
		82657D4923F731CE00516613 /* AppDelegate.swift */ = {isa = PBXFileReference; lastKnownFileType = sourcecode.swift; path = AppDelegate.swift; sourceTree = "<group>"; };
		82657D4B23F731CE00516613 /* art.scnassets */ = {isa = PBXFileReference; lastKnownFileType = wrapper.scnassets; path = art.scnassets; sourceTree = "<group>"; };
		82657D4D23F731CE00516613 /* ViewController.swift */ = {isa = PBXFileReference; lastKnownFileType = sourcecode.swift; path = ViewController.swift; sourceTree = "<group>"; };
		82657D5023F731CE00516613 /* Base */ = {isa = PBXFileReference; lastKnownFileType = file.storyboard; name = Base; path = Base.lproj/Main.storyboard; sourceTree = "<group>"; };
		82657D5223F731D300516613 /* Assets.xcassets */ = {isa = PBXFileReference; lastKnownFileType = folder.assetcatalog; path = Assets.xcassets; sourceTree = "<group>"; };
		82657D5523F731D300516613 /* Base */ = {isa = PBXFileReference; lastKnownFileType = file.storyboard; name = Base; path = Base.lproj/LaunchScreen.storyboard; sourceTree = "<group>"; };
		82657D5723F731D300516613 /* Info.plist */ = {isa = PBXFileReference; lastKnownFileType = text.plist.xml; path = Info.plist; sourceTree = "<group>"; };
/* End PBXFileReference section */

/* Begin PBXFrameworksBuildPhase section */
		82657D4323F731CE00516613 /* Frameworks */ = {
			isa = PBXFrameworksBuildPhase;
			buildActionMask = 2147483647;
			files = (
			);
			runOnlyForDeploymentPostprocessing = 0;
		};
/* End PBXFrameworksBuildPhase section */

/* Begin PBXGroup section */
		8210ED6423F73F8F009464FA /* Storyboard */ = {
			isa = PBXGroup;
			children = (
				82657D4F23F731CE00516613 /* Main.storyboard */,
				82657D5423F731D300516613 /* LaunchScreen.storyboard */,
			);
			path = Storyboard;
			sourceTree = "<group>";
		};
		8210ED6523F73FA0009464FA /* Controller */ = {
			isa = PBXGroup;
			children = (
				82657D4D23F731CE00516613 /* ViewController.swift */,
			);
			path = Controller;
			sourceTree = "<group>";
		};
		8210ED6623F73FAA009464FA /* Coaching */ = {
			isa = PBXGroup;
			children = (
				8210ED6223F73B2C009464FA /* Coaching.swift */,
			);
			path = Coaching;
			sourceTree = "<group>";
		};
		82657D3D23F731CE00516613 = {
			isa = PBXGroup;
			children = (
				82657D4823F731CE00516613 /* coaching */,
				82657D4723F731CE00516613 /* Products */,
			);
			sourceTree = "<group>";
		};
		82657D4723F731CE00516613 /* Products */ = {
			isa = PBXGroup;
			children = (
				82657D4623F731CE00516613 /* coaching.app */,
			);
			name = Products;
			sourceTree = "<group>";
		};
		82657D4823F731CE00516613 /* coaching */ = {
			isa = PBXGroup;
			children = (
				82657D4923F731CE00516613 /* AppDelegate.swift */,
				8210ED6623F73FAA009464FA /* Coaching */,
				8210ED6523F73FA0009464FA /* Controller */,
				8210ED6423F73F8F009464FA /* Storyboard */,
				82657D4B23F731CE00516613 /* art.scnassets */,
				82657D5223F731D300516613 /* Assets.xcassets */,
				82657D5723F731D300516613 /* Info.plist */,
			);
			path = coaching;
			sourceTree = "<group>";
		};
/* End PBXGroup section */

/* Begin PBXNativeTarget section */
		82657D4523F731CE00516613 /* coaching */ = {
			isa = PBXNativeTarget;
			buildConfigurationList = 82657D5A23F731D300516613 /* Build configuration list for PBXNativeTarget "coaching" */;
			buildPhases = (
				82657D4223F731CE00516613 /* Sources */,
				82657D4323F731CE00516613 /* Frameworks */,
				82657D4423F731CE00516613 /* Resources */,
			);
			buildRules = (
			);
			dependencies = (
			);
			name = coaching;
			productName = coaching;
			productReference = 82657D4623F731CE00516613 /* coaching.app */;
			productType = "com.apple.product-type.application";
		};
/* End PBXNativeTarget section */

/* Begin PBXProject section */
		82657D3E23F731CE00516613 /* Project object */ = {
			isa = PBXProject;
			attributes = {
				LastSwiftUpdateCheck = 1130;
				LastUpgradeCheck = 1130;
				ORGANIZATIONNAME = "Matheus Gois";
				TargetAttributes = {
					82657D4523F731CE00516613 = {
						CreatedOnToolsVersion = 11.3.1;
					};
				};
			};
			buildConfigurationList = 82657D4123F731CE00516613 /* Build configuration list for PBXProject "coaching" */;
			compatibilityVersion = "Xcode 9.3";
			developmentRegion = en;
			hasScannedForEncodings = 0;
			knownRegions = (
				en,
				Base,
			);
			mainGroup = 82657D3D23F731CE00516613;
			productRefGroup = 82657D4723F731CE00516613 /* Products */;
			projectDirPath = "";
			projectRoot = "";
			targets = (
				82657D4523F731CE00516613 /* coaching */,
			);
		};
/* End PBXProject section */

/* Begin PBXResourcesBuildPhase section */
		82657D4423F731CE00516613 /* Resources */ = {
			isa = PBXResourcesBuildPhase;
			buildActionMask = 2147483647;
			files = (
				82657D4C23F731CE00516613 /* art.scnassets in Resources */,
				82657D5623F731D300516613 /* LaunchScreen.storyboard in Resources */,
				82657D5323F731D300516613 /* Assets.xcassets in Resources */,
				82657D5123F731CE00516613 /* Main.storyboard in Resources */,
			);
			runOnlyForDeploymentPostprocessing = 0;
		};
/* End PBXResourcesBuildPhase section */

/* Begin PBXSourcesBuildPhase section */
		82657D4223F731CE00516613 /* Sources */ = {
			isa = PBXSourcesBuildPhase;
			buildActionMask = 2147483647;
			files = (
				82657D4E23F731CE00516613 /* ViewController.swift in Sources */,
				82657D4A23F731CE00516613 /* AppDelegate.swift in Sources */,
				8210ED6323F73B2C009464FA /* Coaching.swift in Sources */,
			);
			runOnlyForDeploymentPostprocessing = 0;
		};
/* End PBXSourcesBuildPhase section */

/* Begin PBXVariantGroup section */
		82657D4F23F731CE00516613 /* Main.storyboard */ = {
			isa = PBXVariantGroup;
			children = (
				82657D5023F731CE00516613 /* Base */,
			);
			name = Main.storyboard;
			sourceTree = "<group>";
		};
		82657D5423F731D300516613 /* LaunchScreen.storyboard */ = {
			isa = PBXVariantGroup;
			children = (
				82657D5523F731D300516613 /* Base */,
			);
			name = LaunchScreen.storyboard;
			sourceTree = "<group>";
		};
/* End PBXVariantGroup section */

/* Begin XCBuildConfiguration section */
		82657D5823F731D300516613 /* Debug */ = {
			isa = XCBuildConfiguration;
			buildSettings = {
				ALWAYS_SEARCH_USER_PATHS = NO;
				CLANG_ANALYZER_NONNULL = YES;
				CLANG_ANALYZER_NUMBER_OBJECT_CONVERSION = YES_AGGRESSIVE;
				CLANG_CXX_LANGUAGE_STANDARD = "gnu++14";
				CLANG_CXX_LIBRARY = "libc++";
				CLANG_ENABLE_MODULES = YES;
				CLANG_ENABLE_OBJC_ARC = YES;
				CLANG_ENABLE_OBJC_WEAK = YES;
				CLANG_WARN_BLOCK_CAPTURE_AUTORELEASING = YES;
				CLANG_WARN_BOOL_CONVERSION = YES;
				CLANG_WARN_COMMA = YES;
				CLANG_WARN_CONSTANT_CONVERSION = YES;
				CLANG_WARN_DEPRECATED_OBJC_IMPLEMENTATIONS = YES;
				CLANG_WARN_DIRECT_OBJC_ISA_USAGE = YES_ERROR;
				CLANG_WARN_DOCUMENTATION_COMMENTS = YES;
				CLANG_WARN_EMPTY_BODY = YES;
				CLANG_WARN_ENUM_CONVERSION = YES;
				CLANG_WARN_INFINITE_RECURSION = YES;
				CLANG_WARN_INT_CONVERSION = YES;
				CLANG_WARN_NON_LITERAL_NULL_CONVERSION = YES;
				CLANG_WARN_OBJC_IMPLICIT_RETAIN_SELF = YES;
				CLANG_WARN_OBJC_LITERAL_CONVERSION = YES;
				CLANG_WARN_OBJC_ROOT_CLASS = YES_ERROR;
				CLANG_WARN_RANGE_LOOP_ANALYSIS = YES;
				CLANG_WARN_STRICT_PROTOTYPES = YES;
				CLANG_WARN_SUSPICIOUS_MOVE = YES;
				CLANG_WARN_UNGUARDED_AVAILABILITY = YES_AGGRESSIVE;
				CLANG_WARN_UNREACHABLE_CODE = YES;
				CLANG_WARN__DUPLICATE_METHOD_MATCH = YES;
				COPY_PHASE_STRIP = NO;
				DEBUG_INFORMATION_FORMAT = dwarf;
				ENABLE_STRICT_OBJC_MSGSEND = YES;
				ENABLE_TESTABILITY = YES;
				GCC_C_LANGUAGE_STANDARD = gnu11;
				GCC_DYNAMIC_NO_PIC = NO;
				GCC_NO_COMMON_BLOCKS = YES;
				GCC_OPTIMIZATION_LEVEL = 0;
				GCC_PREPROCESSOR_DEFINITIONS = (
					"DEBUG=1",
					"$(inherited)",
				);
				GCC_WARN_64_TO_32_BIT_CONVERSION = YES;
				GCC_WARN_ABOUT_RETURN_TYPE = YES_ERROR;
				GCC_WARN_UNDECLARED_SELECTOR = YES;
				GCC_WARN_UNINITIALIZED_AUTOS = YES_AGGRESSIVE;
				GCC_WARN_UNUSED_FUNCTION = YES;
				GCC_WARN_UNUSED_VARIABLE = YES;
				IPHONEOS_DEPLOYMENT_TARGET = 13.2;
				MTL_ENABLE_DEBUG_INFO = INCLUDE_SOURCE;
				MTL_FAST_MATH = YES;
				ONLY_ACTIVE_ARCH = YES;
				SDKROOT = iphoneos;
				SWIFT_ACTIVE_COMPILATION_CONDITIONS = DEBUG;
				SWIFT_OPTIMIZATION_LEVEL = "-Onone";
			};
			name = Debug;
		};
		82657D5923F731D300516613 /* Release */ = {
			isa = XCBuildConfiguration;
			buildSettings = {
				ALWAYS_SEARCH_USER_PATHS = NO;
				CLANG_ANALYZER_NONNULL = YES;
				CLANG_ANALYZER_NUMBER_OBJECT_CONVERSION = YES_AGGRESSIVE;
				CLANG_CXX_LANGUAGE_STANDARD = "gnu++14";
				CLANG_CXX_LIBRARY = "libc++";
				CLANG_ENABLE_MODULES = YES;
				CLANG_ENABLE_OBJC_ARC = YES;
				CLANG_ENABLE_OBJC_WEAK = YES;
				CLANG_WARN_BLOCK_CAPTURE_AUTORELEASING = YES;
				CLANG_WARN_BOOL_CONVERSION = YES;
				CLANG_WARN_COMMA = YES;
				CLANG_WARN_CONSTANT_CONVERSION = YES;
				CLANG_WARN_DEPRECATED_OBJC_IMPLEMENTATIONS = YES;
				CLANG_WARN_DIRECT_OBJC_ISA_USAGE = YES_ERROR;
				CLANG_WARN_DOCUMENTATION_COMMENTS = YES;
				CLANG_WARN_EMPTY_BODY = YES;
				CLANG_WARN_ENUM_CONVERSION = YES;
				CLANG_WARN_INFINITE_RECURSION = YES;
				CLANG_WARN_INT_CONVERSION = YES;
				CLANG_WARN_NON_LITERAL_NULL_CONVERSION = YES;
				CLANG_WARN_OBJC_IMPLICIT_RETAIN_SELF = YES;
				CLANG_WARN_OBJC_LITERAL_CONVERSION = YES;
				CLANG_WARN_OBJC_ROOT_CLASS = YES_ERROR;
				CLANG_WARN_RANGE_LOOP_ANALYSIS = YES;
				CLANG_WARN_STRICT_PROTOTYPES = YES;
				CLANG_WARN_SUSPICIOUS_MOVE = YES;
				CLANG_WARN_UNGUARDED_AVAILABILITY = YES_AGGRESSIVE;
				CLANG_WARN_UNREACHABLE_CODE = YES;
				CLANG_WARN__DUPLICATE_METHOD_MATCH = YES;
				COPY_PHASE_STRIP = NO;
				DEBUG_INFORMATION_FORMAT = "dwarf-with-dsym";
				ENABLE_NS_ASSERTIONS = NO;
				ENABLE_STRICT_OBJC_MSGSEND = YES;
				GCC_C_LANGUAGE_STANDARD = gnu11;
				GCC_NO_COMMON_BLOCKS = YES;
				GCC_WARN_64_TO_32_BIT_CONVERSION = YES;
				GCC_WARN_ABOUT_RETURN_TYPE = YES_ERROR;
				GCC_WARN_UNDECLARED_SELECTOR = YES;
				GCC_WARN_UNINITIALIZED_AUTOS = YES_AGGRESSIVE;
				GCC_WARN_UNUSED_FUNCTION = YES;
				GCC_WARN_UNUSED_VARIABLE = YES;
				IPHONEOS_DEPLOYMENT_TARGET = 13.2;
				MTL_ENABLE_DEBUG_INFO = NO;
				MTL_FAST_MATH = YES;
				SDKROOT = iphoneos;
				SWIFT_COMPILATION_MODE = wholemodule;
				SWIFT_OPTIMIZATION_LEVEL = "-O";
				VALIDATE_PRODUCT = YES;
			};
			name = Release;
		};
		82657D5B23F731D300516613 /* Debug */ = {
			isa = XCBuildConfiguration;
			buildSettings = {
				ASSETCATALOG_COMPILER_APPICON_NAME = AppIcon;
				CODE_SIGN_STYLE = Automatic;
				DEVELOPMENT_TEAM = CTAFH43K36;
				INFOPLIST_FILE = coaching/Info.plist;
				LD_RUNPATH_SEARCH_PATHS = (
					"$(inherited)",
					"@executable_path/Frameworks",
				);
				PRODUCT_BUNDLE_IDENTIFIER = maathuesgois.coaching;
				PRODUCT_NAME = "$(TARGET_NAME)";
				SWIFT_VERSION = 5.0;
				TARGETED_DEVICE_FAMILY = "1,2";
			};
			name = Debug;
		};
		82657D5C23F731D300516613 /* Release */ = {
			isa = XCBuildConfiguration;
			buildSettings = {
				ASSETCATALOG_COMPILER_APPICON_NAME = AppIcon;
				CODE_SIGN_STYLE = Automatic;
				DEVELOPMENT_TEAM = CTAFH43K36;
				INFOPLIST_FILE = coaching/Info.plist;
				LD_RUNPATH_SEARCH_PATHS = (
					"$(inherited)",
					"@executable_path/Frameworks",
				);
				PRODUCT_BUNDLE_IDENTIFIER = maathuesgois.coaching;
				PRODUCT_NAME = "$(TARGET_NAME)";
				SWIFT_VERSION = 5.0;
				TARGETED_DEVICE_FAMILY = "1,2";
			};
			name = Release;
		};
/* End XCBuildConfiguration section */

/* Begin XCConfigurationList section */
		82657D4123F731CE00516613 /* Build configuration list for PBXProject "coaching" */ = {
			isa = XCConfigurationList;
			buildConfigurations = (
				82657D5823F731D300516613 /* Debug */,
				82657D5923F731D300516613 /* Release */,
			);
			defaultConfigurationIsVisible = 0;
			defaultConfigurationName = Release;
		};
		82657D5A23F731D300516613 /* Build configuration list for PBXNativeTarget "coaching" */ = {
			isa = XCConfigurationList;
			buildConfigurations = (
				82657D5B23F731D300516613 /* Debug */,
				82657D5C23F731D300516613 /* Release */,
			);
			defaultConfigurationIsVisible = 0;
			defaultConfigurationName = Release;
		};
/* End XCConfigurationList section */
	};
	rootObject = 82657D3E23F731CE00516613 /* Project object */;
}
